
Microsoft Visual Studio Solution File, Format Version 12.00
# Visual Studio Version 16
VisualStudioVersion = 16.0.30330.147
MinimumVisualStudioVersion = 10.0.40219.1
Project("{9A19103F-16F7-4668-BE54-9A1E7A4F7556}") = "Catalog.API", "Catalog.API\Catalog.API.csproj", "{E0CD022C-D0ED-4B6B-90E2-094FB446CB1D}"
EndProject
Project("{E53339B2-1760-4266-BCC7-CA923CBCF16C}") = "docker-compose", "docker-compose.dcproj", "{1743A375-39A3-4C87-84E8-D29912754FCA}"
EndProject
Project("{9A19103F-16F7-4668-BE54-9A1E7A4F7556}") = "Basket.API", "Basket.API\Basket.API.csproj", "{60C8DAAF-04C0-40BF-89BD-BBD2AD368D69}"
EndProject
Project("{9A19103F-16F7-4668-BE54-9A1E7A4F7556}") = "EventBusRabbitMQ", "EventBusRabbitMQ\EventBusRabbitMQ.csproj", "{B8B4BFA1-0C47-4807-B2FA-FB8C58D681D9}"
EndProject
Project("{9A19103F-16F7-4668-BE54-9A1E7A4F7556}") = "Ordering.API", "Ordering.API\Ordering.API.csproj", "{FF2FF0A1-E8F9-42AD-9FC6-E3A393392AE9}"
EndProject
Project("{2150E333-8FDC-42A3-9474-1A3956D46DE8}") = "Ordering", "Ordering", "{5119D9E3-DD96-4DFB-96A0-65888B486E20}"
EndProject
Project("{9A19103F-16F7-4668-BE54-9A1E7A4F7556}") = "Ordering.Core", "Ordering.Core\Ordering.Core.csproj", "{D6565B39-A95B-4883-8DEB-FCC078F7B14F}"
EndProject
Project("{9A19103F-16F7-4668-BE54-9A1E7A4F7556}") = "Ordering.Application", "Ordering.Application\Ordering.Application.csproj", "{33AAB8FF-FA70-4E7D-9A54-7F4F28C3F3F3}"
EndProject
Project("{9A19103F-16F7-4668-BE54-9A1E7A4F7556}") = "Ordering.Infrastructure", "Ordering.Infrastructure\Ordering.Infrastructure.csproj", "{CDFC5FF5-6191-4DE4-90AB-598CC8CBD264}"
EndProject
Project("{9A19103F-16F7-4668-BE54-9A1E7A4F7556}") = "OcelotAPI.Gateway", "OcelotAPI.Gateway\OcelotAPI.Gateway.csproj", "{72F95210-A00D-4B43-9A90-B43A38C42D41}"
EndProject
Project("{9A19103F-16F7-4668-BE54-9A1E7A4F7556}") = "Authentication.API", "Authentication.API\Authentication.API.csproj", "{0742EB63-982A-48BA-A50D-5B7EFDCC2CCB}"
EndProject
Global
	GlobalSection(SolutionConfigurationPlatforms) = preSolution
		Debug|Any CPU = Debug|Any CPU
		Release|Any CPU = Release|Any CPU
	EndGlobalSection
	GlobalSection(ProjectConfigurationPlatforms) = postSolution
		{E0CD022C-D0ED-4B6B-90E2-094FB446CB1D}.Debug|Any CPU.ActiveCfg = Debug|Any CPU
		{E0CD022C-D0ED-4B6B-90E2-094FB446CB1D}.Debug|Any CPU.Build.0 = Debug|Any CPU
		{E0CD022C-D0ED-4B6B-90E2-094FB446CB1D}.Release|Any CPU.ActiveCfg = Release|Any CPU
		{E0CD022C-D0ED-4B6B-90E2-094FB446CB1D}.Release|Any CPU.Build.0 = Release|Any CPU
		{1743A375-39A3-4C87-84E8-D29912754FCA}.Debug|Any CPU.ActiveCfg = Debug|Any CPU
		{1743A375-39A3-4C87-84E8-D29912754FCA}.Debug|Any CPU.Build.0 = Debug|Any CPU
		{1743A375-39A3-4C87-84E8-D29912754FCA}.Release|Any CPU.ActiveCfg = Release|Any CPU
		{1743A375-39A3-4C87-84E8-D29912754FCA}.Release|Any CPU.Build.0 = Release|Any CPU
		{60C8DAAF-04C0-40BF-89BD-BBD2AD368D69}.Debug|Any CPU.ActiveCfg = Debug|Any CPU
		{60C8DAAF-04C0-40BF-89BD-BBD2AD368D69}.Debug|Any CPU.Build.0 = Debug|Any CPU
		{60C8DAAF-04C0-40BF-89BD-BBD2AD368D69}.Release|Any CPU.ActiveCfg = Release|Any CPU
		{60C8DAAF-04C0-40BF-89BD-BBD2AD368D69}.Release|Any CPU.Build.0 = Release|Any CPU
		{B8B4BFA1-0C47-4807-B2FA-FB8C58D681D9}.Debug|Any CPU.ActiveCfg = Debug|Any CPU
		{B8B4BFA1-0C47-4807-B2FA-FB8C58D681D9}.Debug|Any CPU.Build.0 = Debug|Any CPU
		{B8B4BFA1-0C47-4807-B2FA-FB8C58D681D9}.Release|Any CPU.ActiveCfg = Release|Any CPU
		{B8B4BFA1-0C47-4807-B2FA-FB8C58D681D9}.Release|Any CPU.Build.0 = Release|Any CPU
		{FF2FF0A1-E8F9-42AD-9FC6-E3A393392AE9}.Debug|Any CPU.ActiveCfg = Debug|Any CPU
		{FF2FF0A1-E8F9-42AD-9FC6-E3A393392AE9}.Debug|Any CPU.Build.0 = Debug|Any CPU
		{FF2FF0A1-E8F9-42AD-9FC6-E3A393392AE9}.Release|Any CPU.ActiveCfg = Release|Any CPU
		{FF2FF0A1-E8F9-42AD-9FC6-E3A393392AE9}.Release|Any CPU.Build.0 = Release|Any CPU
		{D6565B39-A95B-4883-8DEB-FCC078F7B14F}.Debug|Any CPU.ActiveCfg = Debug|Any CPU
		{D6565B39-A95B-4883-8DEB-FCC078F7B14F}.Debug|Any CPU.Build.0 = Debug|Any CPU
		{D6565B39-A95B-4883-8DEB-FCC078F7B14F}.Release|Any CPU.ActiveCfg = Release|Any CPU
		{D6565B39-A95B-4883-8DEB-FCC078F7B14F}.Release|Any CPU.Build.0 = Release|Any CPU
		{33AAB8FF-FA70-4E7D-9A54-7F4F28C3F3F3}.Debug|Any CPU.ActiveCfg = Debug|Any CPU
		{33AAB8FF-FA70-4E7D-9A54-7F4F28C3F3F3}.Debug|Any CPU.Build.0 = Debug|Any CPU
		{33AAB8FF-FA70-4E7D-9A54-7F4F28C3F3F3}.Release|Any CPU.ActiveCfg = Release|Any CPU
		{33AAB8FF-FA70-4E7D-9A54-7F4F28C3F3F3}.Release|Any CPU.Build.0 = Release|Any CPU
		{CDFC5FF5-6191-4DE4-90AB-598CC8CBD264}.Debug|Any CPU.ActiveCfg = Debug|Any CPU
		{CDFC5FF5-6191-4DE4-90AB-598CC8CBD264}.Debug|Any CPU.Build.0 = Debug|Any CPU
		{CDFC5FF5-6191-4DE4-90AB-598CC8CBD264}.Release|Any CPU.ActiveCfg = Release|Any CPU
		{CDFC5FF5-6191-4DE4-90AB-598CC8CBD264}.Release|Any CPU.Build.0 = Release|Any CPU
		{72F95210-A00D-4B43-9A90-B43A38C42D41}.Debug|Any CPU.ActiveCfg = Debug|Any CPU
		{72F95210-A00D-4B43-9A90-B43A38C42D41}.Debug|Any CPU.Build.0 = Debug|Any CPU
		{72F95210-A00D-4B43-9A90-B43A38C42D41}.Release|Any CPU.ActiveCfg = Release|Any CPU
		{72F95210-A00D-4B43-9A90-B43A38C42D41}.Release|Any CPU.Build.0 = Release|Any CPU
		{0742EB63-982A-48BA-A50D-5B7EFDCC2CCB}.Debug|Any CPU.ActiveCfg = Debug|Any CPU
		{0742EB63-982A-48BA-A50D-5B7EFDCC2CCB}.Debug|Any CPU.Build.0 = Debug|Any CPU
		{0742EB63-982A-48BA-A50D-5B7EFDCC2CCB}.Release|Any CPU.ActiveCfg = Release|Any CPU
		{0742EB63-982A-48BA-A50D-5B7EFDCC2CCB}.Release|Any CPU.Build.0 = Release|Any CPU
	EndGlobalSection
	GlobalSection(SolutionProperties) = preSolution
		HideSolutionNode = FALSE
	EndGlobalSection
	GlobalSection(NestedProjects) = preSolution
		{FF2FF0A1-E8F9-42AD-9FC6-E3A393392AE9} = {5119D9E3-DD96-4DFB-96A0-65888B486E20}
		{D6565B39-A95B-4883-8DEB-FCC078F7B14F} = {5119D9E3-DD96-4DFB-96A0-65888B486E20}
		{33AAB8FF-FA70-4E7D-9A54-7F4F28C3F3F3} = {5119D9E3-DD96-4DFB-96A0-65888B486E20}
		{CDFC5FF5-6191-4DE4-90AB-598CC8CBD264} = {5119D9E3-DD96-4DFB-96A0-65888B486E20}
	EndGlobalSection
	GlobalSection(ExtensibilityGlobals) = postSolution
		SolutionGuid = {99AD17CE-79EB-43CF-9343-7C3A37795BE6}
	EndGlobalSection
EndGlobal
